{
  "name": "test",
  "version": "1.0.0",
  "lockfileVersion": 1,
  "requires": true,
  "dependencies": {
    "@dgrochowski/private_test": {
      "version": "git+ssh://git@github.com/dgrochowski/private_test.git#88f04ae6890de68f0847de3e7b6b2183de2357a9",
      "from": "git+ssh://git@github.com/dgrochowski/private_test.git"
    },
    "small-validate": {
      "version": "1.0.3",
      "resolved": "https://registry.npmjs.org/small-validate/-/small-validate-1.0.3.tgz",
      "integrity": "sha512-0jizy5ApcgGqTYbqhlyaeKtO1JTTXro4G8veWhAc1sEfshEJJGiwMLgaZw6ss3O819BFp/ChV9Q+jblpUWWGmg=="
    }
  }
}
